PODS:
  - audio_session (0.0.1):
    - Flutter
  - Flutter (1.0.0)
  - flutter_audio_capture (1.1.4):
    - Flutter
  - flutter_sound (9.28.0):
    - Flutter
    - flutter_sound_core (= 9.28.0)
  - flutter_sound_core (9.28.0)
  - just_audio (0.0.1):
    - Flutter
    - FlutterMacOS
  - package_info_plus (0.4.5):
    - Flutter
  - path_provider_foundation (0.0.1):
    - Flutter
    - FlutterMacOS
  - permission_handler_apple (9.3.0):
    - Flutter
  - sensors_plus (0.0.1):
    - Flutter
  - shared_preferences_foundation (0.0.1):
    - Flutter
    - FlutterMacOS
  - sqflite_darwin (0.0.4):
    - Flutter
    - FlutterMacOS
  - url_launcher_ios (0.0.1):
    - Flutter
  - webview_flutter_wkwebview (0.0.1):
    - Flutter
    - FlutterMacOS

DEPENDENCIES:
  - audio_session (from `.symlinks/plugins/audio_session/ios`)
  - Flutter (from `Flutter`)
  - flutter_audio_capture (from `.symlinks/plugins/flutter_audio_capture/ios`)
  - flutter_sound (from `.symlinks/plugins/flutter_sound/ios`)
  - just_audio (from `.symlinks/plugins/just_audio/darwin`)
  - package_info_plus (from `.symlinks/plugins/package_info_plus/ios`)
  - path_provider_foundation (from `.symlinks/plugins/path_provider_foundation/darwin`)
  - permission_handler_apple (from `.symlinks/plugins/permission_handler_apple/ios`)
  - sensors_plus (from `.symlinks/plugins/sensors_plus/ios`)
  - shared_preferences_foundation (from `.symlinks/plugins/shared_preferences_foundation/darwin`)
  - sqflite_darwin (from `.symlinks/plugins/sqflite_darwin/darwin`)
  - url_launcher_ios (from `.symlinks/plugins/url_launcher_ios/ios`)
  - webview_flutter_wkwebview (from `.symlinks/plugins/webview_flutter_wkwebview/darwin`)

SPEC REPOS:
  trunk:
    - flutter_sound_core

EXTERNAL SOURCES:
  audio_session:
    :path: ".symlinks/plugins/audio_session/ios"
  Flutter:
    :path: Flutter
  flutter_audio_capture:
    :path: ".symlinks/plugins/flutter_audio_capture/ios"
  flutter_sound:
    :path: ".symlinks/plugins/flutter_sound/ios"
  just_audio:
    :path: ".symlinks/plugins/just_audio/darwin"
  package_info_plus:
    :path: ".symlinks/plugins/package_info_plus/ios"
  path_provider_foundation:
    :path: ".symlinks/plugins/path_provider_foundation/darwin"
  permission_handler_apple:
    :path: ".symlinks/plugins/permission_handler_apple/ios"
  sensors_plus:
    :path: ".symlinks/plugins/sensors_plus/ios"
  shared_preferences_foundation:
    :path: ".symlinks/plugins/shared_preferences_foundation/darwin"
  sqflite_darwin:
    :path: ".symlinks/plugins/sqflite_darwin/darwin"
  url_launcher_ios:
    :path: ".symlinks/plugins/url_launcher_ios/ios"
  webview_flutter_wkwebview:
    :path: ".symlinks/plugins/webview_flutter_wkwebview/darwin"

SPEC CHECKSUMS:
  audio_session: 19e9480dbdd4e5f6c4543826b2e8b0e4ab6145fe
  Flutter: 71a624a5bc0c04062bf19101d501e466baf2fb47
  flutter_audio_capture: 93ef890ac148f093d168c33258c3a161b8f5e04b
  flutter_sound: 82aba29055d6feba684d08906e0623217b87bcd3
  flutter_sound_core: 427465f72d07ab8c3edbe8ffdde709ddacd3763c
  just_audio: a42c63806f16995daf5b219ae1d679deb76e6a79
  package_info_plus: c0502532a26c7662a62a356cebe2692ec5fe4ec4
  path_provider_foundation: 2b6b4c569c0fb62ec74538f866245ac84301af46
  permission_handler_apple: 9878588469a2b0d0fc1e048d9f43605f92e6cec2
  sensors_plus: 7229095999f30740798f0eeef5cd120357a8f4f2
  shared_preferences_foundation: fcdcbc04712aee1108ac7fda236f363274528f78
  sqflite_darwin: 5a7236e3b501866c1c9befc6771dfd73ffb8702d
  url_launcher_ios: 5334b05cef931de560670eeae103fd3e431ac3fe
  webview_flutter_wkwebview: a4af96a051138e28e29f60101d094683b9f82188

PODFILE CHECKSUM: 677df6fb67d8f54f93d933248385bacda21d65c3

COCOAPODS: 1.16.2
